
Microsoft Visual Studio Solution File, Format Version 12.00
# Visual Studio Version 17
VisualStudioVersion = 17.14.36127.28
MinimumVisualStudioVersion = 10.0.40219.1
Project("{2150E333-8FDC-42A3-9474-1A3956D46DE8}") = "Solution Items", "Solution Items", "{02EA681E-C7D8-13C7-8484-4AC65E1B71E8}"
	ProjectSection(SolutionItems) = preProject
		.editorconfig = .editorconfig
	EndProjectSection
EndProject
Project("{FAE04EC0-301F-11D3-BF4B-00C04F79EFBC}") = "EasyAutoClicker", "EasyAutoClicker\EasyAutoClicker.csproj", "{4480DC47-840F-4BD6-A11E-DF730BF0C433}"
EndProject
Global
	GlobalSection(SolutionConfigurationPlatforms) = preSolution
		Debug|ARM64 = Debug|ARM64
		Debug|x64 = Debug|x64
		Debug|x86 = Debug|x86
		Release|ARM64 = Release|ARM64
		Release|x64 = Release|x64
		Release|x86 = Release|x86
	EndGlobalSection
	GlobalSection(ProjectConfigurationPlatforms) = postSolution
		{4480DC47-840F-4BD6-A11E-DF730BF0C433}.Debug|ARM64.ActiveCfg = Debug|ARM64
		{4480DC47-840F-4BD6-A11E-DF730BF0C433}.Debug|ARM64.Build.0 = Debug|ARM64
		{4480DC47-840F-4BD6-A11E-DF730BF0C433}.Debug|ARM64.Deploy.0 = Debug|ARM64
		{4480DC47-840F-4BD6-A11E-DF730BF0C433}.Debug|x64.ActiveCfg = Debug|x64
		{4480DC47-840F-4BD6-A11E-DF730BF0C433}.Debug|x64.Build.0 = Debug|x64
		{4480DC47-840F-4BD6-A11E-DF730BF0C433}.Debug|x64.Deploy.0 = Debug|x64
		{4480DC47-840F-4BD6-A11E-DF730BF0C433}.Debug|x86.ActiveCfg = Debug|x86
		{4480DC47-840F-4BD6-A11E-DF730BF0C433}.Debug|x86.Build.0 = Debug|x86
		{4480DC47-840F-4BD6-A11E-DF730BF0C433}.Debug|x86.Deploy.0 = Debug|x86
		{4480DC47-840F-4BD6-A11E-DF730BF0C433}.Release|ARM64.ActiveCfg = Release|ARM64
		{4480DC47-840F-4BD6-A11E-DF730BF0C433}.Release|ARM64.Build.0 = Release|ARM64
		{4480DC47-840F-4BD6-A11E-DF730BF0C433}.Release|ARM64.Deploy.0 = Release|ARM64
		{4480DC47-840F-4BD6-A11E-DF730BF0C433}.Release|x64.ActiveCfg = Release|x64
		{4480DC47-840F-4BD6-A11E-DF730BF0C433}.Release|x64.Build.0 = Release|x64
		{4480DC47-840F-4BD6-A11E-DF730BF0C433}.Release|x64.Deploy.0 = Release|x64
		{4480DC47-840F-4BD6-A11E-DF730BF0C433}.Release|x86.ActiveCfg = Release|x86
		{4480DC47-840F-4BD6-A11E-DF730BF0C433}.Release|x86.Build.0 = Release|x86
		{4480DC47-840F-4BD6-A11E-DF730BF0C433}.Release|x86.Deploy.0 = Release|x86
	EndGlobalSection
	GlobalSection(SolutionProperties) = preSolution
		HideSolutionNode = FALSE
	EndGlobalSection
	GlobalSection(ExtensibilityGlobals) = postSolution
		SolutionGuid = {34EA741F-98A0-403C-9385-53FBC84A9BB8}
	EndGlobalSection
EndGlobal
